
Microsoft Visual Studio Solution File, Format Version 12.00
# Visual Studio 2013
VisualStudioVersion = 12.0.31101.0
MinimumVisualStudioVersion = 10.0.40219.1
Project("{FAE04EC0-301F-11D3-BF4B-00C04F79EFBC}") = "Winston", "Winston\Winston.csproj", "{A9C75236-1DCD-4C2A-B975-9121CEE9F256}"
EndProject
Project("{FAE04EC0-301F-11D3-BF4B-00C04F79EFBC}") = "TestApp", "TestApp\TestApp.csproj", "{C974CDF8-5963-4B50-8CFA-A40ABB8DA60F}"
EndProject
Project("{8BC9CEB8-8B4A-11D0-8D11-00A0C91BC942}") = "wrap", "wrap\wrap.vcxproj", "{52164F12-A264-46A9-BCF3-4EE5620F3F57}"
EndProject
Global
	GlobalSection(SolutionConfigurationPlatforms) = preSolution
		Debug|Any CPU = Debug|Any CPU
		Debug|Mixed Platforms = Debug|Mixed Platforms
		Debug|Win32 = Debug|Win32
		Release|Any CPU = Release|Any CPU
		Release|Mixed Platforms = Release|Mixed Platforms
		Release|Win32 = Release|Win32
	EndGlobalSection
	GlobalSection(ProjectConfigurationPlatforms) = postSolution
		{A9C75236-1DCD-4C2A-B975-9121CEE9F256}.Debug|Any CPU.ActiveCfg = Debug|Any CPU
		{A9C75236-1DCD-4C2A-B975-9121CEE9F256}.Debug|Any CPU.Build.0 = Debug|Any CPU
		{A9C75236-1DCD-4C2A-B975-9121CEE9F256}.Debug|Mixed Platforms.ActiveCfg = Debug|Any CPU
		{A9C75236-1DCD-4C2A-B975-9121CEE9F256}.Debug|Mixed Platforms.Build.0 = Debug|Any CPU
		{A9C75236-1DCD-4C2A-B975-9121CEE9F256}.Debug|Win32.ActiveCfg = Debug|Any CPU
		{A9C75236-1DCD-4C2A-B975-9121CEE9F256}.Release|Any CPU.ActiveCfg = Release|Any CPU
		{A9C75236-1DCD-4C2A-B975-9121CEE9F256}.Release|Any CPU.Build.0 = Release|Any CPU
		{A9C75236-1DCD-4C2A-B975-9121CEE9F256}.Release|Mixed Platforms.ActiveCfg = Release|Any CPU
		{A9C75236-1DCD-4C2A-B975-9121CEE9F256}.Release|Mixed Platforms.Build.0 = Release|Any CPU
		{A9C75236-1DCD-4C2A-B975-9121CEE9F256}.Release|Win32.ActiveCfg = Release|Any CPU
		{C974CDF8-5963-4B50-8CFA-A40ABB8DA60F}.Debug|Any CPU.ActiveCfg = Debug|Any CPU
		{C974CDF8-5963-4B50-8CFA-A40ABB8DA60F}.Debug|Any CPU.Build.0 = Debug|Any CPU
		{C974CDF8-5963-4B50-8CFA-A40ABB8DA60F}.Debug|Mixed Platforms.ActiveCfg = Debug|Any CPU
		{C974CDF8-5963-4B50-8CFA-A40ABB8DA60F}.Debug|Mixed Platforms.Build.0 = Debug|Any CPU
		{C974CDF8-5963-4B50-8CFA-A40ABB8DA60F}.Debug|Win32.ActiveCfg = Debug|Any CPU
		{C974CDF8-5963-4B50-8CFA-A40ABB8DA60F}.Release|Any CPU.ActiveCfg = Release|Any CPU
		{C974CDF8-5963-4B50-8CFA-A40ABB8DA60F}.Release|Any CPU.Build.0 = Release|Any CPU
		{C974CDF8-5963-4B50-8CFA-A40ABB8DA60F}.Release|Mixed Platforms.ActiveCfg = Release|Any CPU
		{C974CDF8-5963-4B50-8CFA-A40ABB8DA60F}.Release|Mixed Platforms.Build.0 = Release|Any CPU
		{C974CDF8-5963-4B50-8CFA-A40ABB8DA60F}.Release|Win32.ActiveCfg = Release|Any CPU
		{52164F12-A264-46A9-BCF3-4EE5620F3F57}.Debug|Any CPU.ActiveCfg = Debug|Win32
		{52164F12-A264-46A9-BCF3-4EE5620F3F57}.Debug|Mixed Platforms.ActiveCfg = Debug|Win32
		{52164F12-A264-46A9-BCF3-4EE5620F3F57}.Debug|Win32.ActiveCfg = Debug|Win32
		{52164F12-A264-46A9-BCF3-4EE5620F3F57}.Debug|Win32.Build.0 = Debug|Win32
		{52164F12-A264-46A9-BCF3-4EE5620F3F57}.Release|Any CPU.ActiveCfg = Release|Win32
		{52164F12-A264-46A9-BCF3-4EE5620F3F57}.Release|Mixed Platforms.ActiveCfg = Release|Win32
		{52164F12-A264-46A9-BCF3-4EE5620F3F57}.Release|Mixed Platforms.Build.0 = Release|Win32
		{52164F12-A264-46A9-BCF3-4EE5620F3F57}.Release|Win32.ActiveCfg = Release|Win32
		{52164F12-A264-46A9-BCF3-4EE5620F3F57}.Release|Win32.Build.0 = Release|Win32
	EndGlobalSection
	GlobalSection(SolutionProperties) = preSolution
		HideSolutionNode = FALSE
	EndGlobalSection
EndGlobal
